<?xml version="1.0" encoding="utf-8"?>
<Project ToolsVersion="4.0" xmlns="http://schemas.microsoft.com/developer/msbuild/2003">
  <ItemGroup>
    <Filter Include="Source Files">
      <UniqueIdentifier>{4FC737F1-C7A5-4376-A066-2A32D752A2FF}</UniqueIdentifier>
      <Extensions>cpp;c;cc;cxx;c++;cppm;ixx;def;odl;idl;hpj;bat;asm;asmx</Extensions>
    </Filter>
    <Filter Include="Header Files">
      <UniqueIdentifier>{93995380-89BD-4b04-88EB-625FBE52EBFB}</UniqueIdentifier>
      <Extensions>h;hh;hpp;hxx;h++;hm;inl;inc;ipp;xsd</Extensions>
    </Filter>
    <Filter Include="Resource Files">
      <UniqueIdentifier>{67DA6AB6-F800-4c08-8B7A-83BB121AAD01}</UniqueIdentifier>
      <Extensions>rc;ico;cur;bmp;dlg;rc2;rct;bin;rgs;gif;jpg;jpeg;jpe;resx;tiff;tif;png;wav;mfcribbon-ms</Extensions>
    </Filter>
  </ItemGroup>
  <ItemGroup>
    <None Include="makefile" />
    <None Include="SDCARD.inc">
      <Filter>Header Files</Filter>
    </None>
    <None Include="Routines.inc">
      <Filter>Header Files</Filter>
    </None>
    <None Include="SERIAL.inc">
      <Filter>Header Files</Filter>
    </None>
    <None Include="copyfiles.bat">
      <Filter>Source Files</Filter>
    </None>
    <None Include="hello.s" />
    <None Include="cmd.s" />
    <None Include="edit.s" />
    <None Include="libs.inc">
      <Filter>Header Files</Filter>
    </None>
    <None Include="dir.s" />
    <None Include="type.s" />
    <None Include="asm.s" />
    <None Include="small.s" />
    <None Include="keyboardtest.s" />
    <None Include="copyfiles_keyboard.bat">
      <Filter>Source Files</Filter>
    </None>
    <None Include="ansicodes.inc">
      <Filter>Header Files</Filter>
    </None>
    <None Include="screen.s" />
    <None Include="screen.inc">
      <Filter>Header Files</Filter>
    </None>
    <None Include="RAM.s" />
    <None Include="ROM.s" />
    <None Include="setmat.s" />
  </ItemGroup>
  <ItemGroup>
    <Text Include="CMD.txt" />
    <Text Include="run%405000.s" />
    <Text Include="edit.txt" />
    <Text Include="dir.txt" />
    <Text Include="type.txt" />
    <Text Include="hexdump.s" />
    <Text Include="hexdump.txt" />
    <Text Include="asm.txt" />
    <Text Include="keyboardtest.txt" />
    <Text Include="screen.txt" />
    <Text Include="RAM.txt" />
    <Text Include="ROM.txt" />
    <Text Include="run%405000.txt" />
  </ItemGroup>
  <ItemGroup>
    <ClCompile Include="keyboard.s" />
  </ItemGroup>
</Project>